{
  "name": "01CDL_SCR_INST-USCS",
  "version": "1.0.0",
  "lockfileVersion": 1,
  "requires": true,
  "dependencies": {
    "primo-explore-external-search": {
      "version": "file:primo-explore-external-search",
      "integrity": "sha512-3bXhGVBR4zkEpMqCUIPWHyK3Gou5+19W21z617UPNqZPdfdduDEClNyQv/lukL6ZVsu05w/9Rz4NJpCU//n61g==",
      "dev": true
    }
  }
}
